{
    "_readme": [
        "This file locks the dependencies of your project to a known state",
        "Read more about it at https://getcomposer.org/doc/01-basic-usage.md#composer-lock-the-lock-file",
        "This file is @generated automatically"
    ],
    "content-hash": "d6b024af971280a35a91bc061f52d121",
    "packages": [
        {
            "name": "getkirby/kirby",
            "version": "2.5.10",
            "source": {
                "type": "git",
                "url": "https://github.com/getkirby/kirby.git",
                "reference": "2.5.10"
            },
            "type": "library"
        },
        {
            "name": "getkirby/panel",
            "version": "2.5.10",
            "source": {
                "type": "git",
                "url": "https://github.com/getkirby/panel.git",
                "reference": "2.5.10"
            },
            "type": "library"
        },
        {
            "name": "getkirby/toolkit",
            "version": "2.5.10",
            "source": {
                "type": "git",
                "url": "https://github.com/getkirby/toolkit.git",
                "reference": "2.5.10"
            },
            "type": "library"
        },
        {
            "name": "mnsami/composer-custom-directory-installer",
            "version": "1.1.1",
            "source": {
                "type": "git",
                "url": "https://github.com/mnsami/composer-custom-directory-installer.git",
                "reference": "8cc82e0c5801cc3bf53ba452afdcaa5c6ff645a5"
            },
            "dist": {
                "type": "zip",
                "url": "https://api.github.com/repos/mnsami/composer-custom-directory-installer/zipball/8cc82e0c5801cc3bf53ba452afdcaa5c6ff645a5",
                "reference": "8cc82e0c5801cc3bf53ba452afdcaa5c6ff645a5",
                "shasum": ""
            },
            "require": {
                "composer-plugin-api": "^1.0",
                "php": ">=5.3"
            },
            "type": "composer-plugin",
            "extra": {
                "class": [
                    "Composer\\CustomDirectoryInstaller\\LibraryPlugin",
                    "Composer\\CustomDirectoryInstaller\\PearPlugin",
                    "Composer\\CustomDirectoryInstaller\\PluginPlugin"
                ],
                "branch-alias": {
                    "dev-master": "1.1.x-dev"
                }
            },
            "autoload": {
                "psr-0": {
                    "Composer\\CustomDirectoryInstaller": "src/"
                }
            },
            "notification-url": "https://packagist.org/downloads/",
            "license": [
                "MIT"
            ],
            "authors": [
                {
                    "name": "Mina Nabil Sami",
                    "email": "mina.nsami@gmail.com"
                }
            ],
            "description": "A composer plugin, to help install packages of different types in custom paths.",
            "keywords": [
                "composer",
                "composer-installer",
                "composer-plugin"
            ],
            "time": "2016-05-25T08:26:02+00:00"
        }
    ],
    "packages-dev": [],
    "aliases": [],
    "minimum-stability": "stable",
    "stability-flags": [],
    "prefer-stable": false,
    "prefer-lowest": false,
    "platform": [],
    "platform-dev": []
}
